
Microsoft Visual Studio Solution File, Format Version 12.00
# Visual Studio Version 17
VisualStudioVersion = 17.0.31912.275
MinimumVisualStudioVersion = 10.0.40219.1
Project("{FAE04EC0-301F-11D3-BF4B-00C04F79EFBC}") = "json_hw", "json_hw\json_hw.csproj", "{EB2A7488-D5A6-4718-8A30-00E8E7E86C77}"
EndProject
Global
	GlobalSection(SolutionConfigurationPlatforms) = preSolution
		Debug|Any CPU = Debug|Any CPU
		Release|Any CPU = Release|Any CPU
	EndGlobalSection
	GlobalSection(ProjectConfigurationPlatforms) = postSolution
		{EB2A7488-D5A6-4718-8A30-00E8E7E86C77}.Debug|Any CPU.ActiveCfg = Debug|Any CPU
		{EB2A7488-D5A6-4718-8A30-00E8E7E86C77}.Debug|Any CPU.Build.0 = Debug|Any CPU
		{EB2A7488-D5A6-4718-8A30-00E8E7E86C77}.Release|Any CPU.ActiveCfg = Release|Any CPU
		{EB2A7488-D5A6-4718-8A30-00E8E7E86C77}.Release|Any CPU.Build.0 = Release|Any CPU
	EndGlobalSection
	GlobalSection(SolutionProperties) = preSolution
		HideSolutionNode = FALSE
	EndGlobalSection
	GlobalSection(ExtensibilityGlobals) = postSolution
		SolutionGuid = {4488EAF8-D967-4F5A-8D7F-8B8518263372}
	EndGlobalSection
EndGlobal
